// !$*UTF8*$!
{
	archiveVersion = 1;
	classes = {
	};
	objectVersion = 50;
	objects = {

/* Begin PBXBuildFile section */
		28D158D3B650C32A7B04111D /* Pods_Rx_ARKitSamples.framework in Frameworks */ = {isa = PBXBuildFile; fileRef = E843C2888932326479906530 /* Pods_Rx_ARKitSamples.framework */; };
		6016A4512172154C00AA931C /* VideoNode.swift in Sources */ = {isa = PBXBuildFile; fileRef = 6016A4502172154C00AA931C /* VideoNode.swift */; };
		6043B46B2165FAA900BD016D /* AppDelegate.swift in Sources */ = {isa = PBXBuildFile; fileRef = 6043B46A2165FAA900BD016D /* AppDelegate.swift */; };
		6043B4722165FAAA00BD016D /* Assets.xcassets in Resources */ = {isa = PBXBuildFile; fileRef = 6043B4712165FAAA00BD016D /* Assets.xcassets */; };
		6043B4752165FAAA00BD016D /* LaunchScreen.storyboard in Resources */ = {isa = PBXBuildFile; fileRef = 6043B4732165FAAA00BD016D /* LaunchScreen.storyboard */; };
		6043B47F2165FBF700BD016D /* SampleListViewController.swift in Sources */ = {isa = PBXBuildFile; fileRef = 6043B47E2165FBF700BD016D /* SampleListViewController.swift */; };
		6043B4812165FC5900BD016D /* SampleListViewReactor.swift in Sources */ = {isa = PBXBuildFile; fileRef = 6043B4802165FC5900BD016D /* SampleListViewReactor.swift */; };
		6043B4842165FD5700BD016D /* Sample.swift in Sources */ = {isa = PBXBuildFile; fileRef = 6043B4832165FD5700BD016D /* Sample.swift */; };
		6043B4872165FDAA00BD016D /* ServiceType.swift in Sources */ = {isa = PBXBuildFile; fileRef = 6043B4862165FDAA00BD016D /* ServiceType.swift */; };
		6043B4892165FDBE00BD016D /* SampleService.swift in Sources */ = {isa = PBXBuildFile; fileRef = 6043B4882165FDBE00BD016D /* SampleService.swift */; };
		6043B48C2165FE2500BD016D /* Config.swift in Sources */ = {isa = PBXBuildFile; fileRef = 6043B48B2165FE2500BD016D /* Config.swift */; };
		6043B4902165FFC600BD016D /* SimpleViewController.swift in Sources */ = {isa = PBXBuildFile; fileRef = 6043B48F2165FFC600BD016D /* SimpleViewController.swift */; };
		6043B494216608CE00BD016D /* SampleCell.swift in Sources */ = {isa = PBXBuildFile; fileRef = 6043B493216608CE00BD016D /* SampleCell.swift */; };
		6043B49A2166091100BD016D /* UITableView+Rx.swift in Sources */ = {isa = PBXBuildFile; fileRef = 6043B4992166091100BD016D /* UITableView+Rx.swift */; };
		6043B49C216609D600BD016D /* SampleCellReactor.swift in Sources */ = {isa = PBXBuildFile; fileRef = 6043B49B216609D600BD016D /* SampleCellReactor.swift */; };
		6043B49E2166116500BD016D /* SimpleViewReactor.swift in Sources */ = {isa = PBXBuildFile; fileRef = 6043B49D2166116500BD016D /* SimpleViewReactor.swift */; };
		6043B4A12166131300BD016D /* SCNView+Rx.swift in Sources */ = {isa = PBXBuildFile; fileRef = 6043B4A02166131300BD016D /* SCNView+Rx.swift */; };
		6043B4A42166132E00BD016D /* RxSCNSceneRendererDelegateProxy.swift in Sources */ = {isa = PBXBuildFile; fileRef = 6043B4A32166132E00BD016D /* RxSCNSceneRendererDelegateProxy.swift */; };
		6043B4A62166134800BD016D /* RxCocoa.swift in Sources */ = {isa = PBXBuildFile; fileRef = 6043B4A52166134800BD016D /* RxCocoa.swift */; };
		6043B4A92166136800BD016D /* RxSwift.swift in Sources */ = {isa = PBXBuildFile; fileRef = 6043B4A82166136800BD016D /* RxSwift.swift */; };
		6043B4AB2166138200BD016D /* ARSession+Rx.swift in Sources */ = {isa = PBXBuildFile; fileRef = 6043B4AA2166138200BD016D /* ARSession+Rx.swift */; };
		6043B4AD216613A300BD016D /* ARSCNView+Rx.swift in Sources */ = {isa = PBXBuildFile; fileRef = 6043B4AC216613A300BD016D /* ARSCNView+Rx.swift */; };
		6043B4B0216613C100BD016D /* RxARSessionDelegateProxy.swift in Sources */ = {isa = PBXBuildFile; fileRef = 6043B4AF216613C100BD016D /* RxARSessionDelegateProxy.swift */; };
		6043B4B2216613D500BD016D /* RxARSCNViewDelegateProxy.swift in Sources */ = {isa = PBXBuildFile; fileRef = 6043B4B1216613D500BD016D /* RxARSCNViewDelegateProxy.swift */; };
		60444A72216987B800A9688A /* PlaneDetectionViewController.swift in Sources */ = {isa = PBXBuildFile; fileRef = 60444A71216987B800A9688A /* PlaneDetectionViewController.swift */; };
		60444A74216987C300A9688A /* PlaneDetectionViewReactor.swift in Sources */ = {isa = PBXBuildFile; fileRef = 60444A73216987C300A9688A /* PlaneDetectionViewReactor.swift */; };
		60444A80216BC70600A9688A /* Plane.swift in Sources */ = {isa = PBXBuildFile; fileRef = 60444A7F216BC70600A9688A /* Plane.swift */; };
		60444A82216CA86700A9688A /* MeshPlane.swift in Sources */ = {isa = PBXBuildFile; fileRef = 60444A81216CA86700A9688A /* MeshPlane.swift */; };
		60444A84216CA89500A9688A /* ARSCNPlaneGeometry.swift in Sources */ = {isa = PBXBuildFile; fileRef = 60444A83216CA89500A9688A /* ARSCNPlaneGeometry.swift */; };
		60444A86216CA8AD00A9688A /* PlaneGeometry.swift in Sources */ = {isa = PBXBuildFile; fileRef = 60444A85216CA8AD00A9688A /* PlaneGeometry.swift */; };
		60444A88216CA8C900A9688A /* SCNPlane.swift in Sources */ = {isa = PBXBuildFile; fileRef = 60444A87216CA8C900A9688A /* SCNPlane.swift */; };
		60444A8A216CB31F00A9688A /* Assets.scnassets in Resources */ = {isa = PBXBuildFile; fileRef = 60444A89216CB31F00A9688A /* Assets.scnassets */; };
		60444A8E216E0F5900A9688A /* VideoPlayerViewController.swift in Sources */ = {isa = PBXBuildFile; fileRef = 60444A8C216E0F5900A9688A /* VideoPlayerViewController.swift */; };
		60444A8F216E0F5900A9688A /* VideoPlayerViewReactor.swift in Sources */ = {isa = PBXBuildFile; fileRef = 60444A8D216E0F5900A9688A /* VideoPlayerViewReactor.swift */; };
		60444A94216E411B00A9688A /* BorderedPlaneGeometry.swift in Sources */ = {isa = PBXBuildFile; fileRef = 60444A93216E411B00A9688A /* BorderedPlaneGeometry.swift */; };
		60444A96216E43BC00A9688A /* SelectablePlane.swift in Sources */ = {isa = PBXBuildFile; fileRef = 60444A95216E43BB00A9688A /* SelectablePlane.swift */; };
		60444A98216E43ED00A9688A /* SelectablePlaneGeometry.swift in Sources */ = {isa = PBXBuildFile; fileRef = 60444A97216E43ED00A9688A /* SelectablePlaneGeometry.swift */; };
		60444A9B216E51A500A9688A /* VideoPlayerSystem.swift in Sources */ = {isa = PBXBuildFile; fileRef = 60444A9A216E51A500A9688A /* VideoPlayerSystem.swift */; };
		60F82BB22168A45F00D1BCCF /* BaseNavigationController.swift in Sources */ = {isa = PBXBuildFile; fileRef = 60F82BB12168A45F00D1BCCF /* BaseNavigationController.swift */; };
/* End PBXBuildFile section */

/* Begin PBXFileReference section */
		0718FB275E77D745B3B0A760 /* Pods-Rx+ARKitSamples.release.xcconfig */ = {isa = PBXFileReference; includeInIndex = 1; lastKnownFileType = text.xcconfig; name = "Pods-Rx+ARKitSamples.release.xcconfig"; path = "Pods/Target Support Files/Pods-Rx+ARKitSamples/Pods-Rx+ARKitSamples.release.xcconfig"; sourceTree = "<group>"; };
		6016A44F21720EAF00AA931C /* sample.mp4 */ = {isa = PBXFileReference; lastKnownFileType = file; path = sample.mp4; sourceTree = "<group>"; };
		6016A4502172154C00AA931C /* VideoNode.swift */ = {isa = PBXFileReference; lastKnownFileType = sourcecode.swift; path = VideoNode.swift; sourceTree = "<group>"; };
		6043B4672165FAA900BD016D /* Rx+ARKitSamples.app */ = {isa = PBXFileReference; explicitFileType = wrapper.application; includeInIndex = 0; path = "Rx+ARKitSamples.app"; sourceTree = BUILT_PRODUCTS_DIR; };
		6043B46A2165FAA900BD016D /* AppDelegate.swift */ = {isa = PBXFileReference; lastKnownFileType = sourcecode.swift; path = AppDelegate.swift; sourceTree = "<group>"; };
		6043B4712165FAAA00BD016D /* Assets.xcassets */ = {isa = PBXFileReference; lastKnownFileType = folder.assetcatalog; path = Assets.xcassets; sourceTree = "<group>"; };
		6043B4742165FAAA00BD016D /* Base */ = {isa = PBXFileReference; lastKnownFileType = file.storyboard; name = Base; path = Base.lproj/LaunchScreen.storyboard; sourceTree = "<group>"; };
		6043B4762165FAAA00BD016D /* Info.plist */ = {isa = PBXFileReference; lastKnownFileType = text.plist.xml; path = Info.plist; sourceTree = "<group>"; };
		6043B47E2165FBF700BD016D /* SampleListViewController.swift */ = {isa = PBXFileReference; lastKnownFileType = sourcecode.swift; path = SampleListViewController.swift; sourceTree = "<group>"; };
		6043B4802165FC5900BD016D /* SampleListViewReactor.swift */ = {isa = PBXFileReference; lastKnownFileType = sourcecode.swift; path = SampleListViewReactor.swift; sourceTree = "<group>"; };
		6043B4832165FD5700BD016D /* Sample.swift */ = {isa = PBXFileReference; lastKnownFileType = sourcecode.swift; path = Sample.swift; sourceTree = "<group>"; };
		6043B4862165FDAA00BD016D /* ServiceType.swift */ = {isa = PBXFileReference; lastKnownFileType = sourcecode.swift; path = ServiceType.swift; sourceTree = "<group>"; };
		6043B4882165FDBE00BD016D /* SampleService.swift */ = {isa = PBXFileReference; lastKnownFileType = sourcecode.swift; path = SampleService.swift; sourceTree = "<group>"; };
		6043B48B2165FE2500BD016D /* Config.swift */ = {isa = PBXFileReference; lastKnownFileType = sourcecode.swift; path = Config.swift; sourceTree = "<group>"; };
		6043B48F2165FFC600BD016D /* SimpleViewController.swift */ = {isa = PBXFileReference; lastKnownFileType = sourcecode.swift; path = SimpleViewController.swift; sourceTree = "<group>"; };
		6043B493216608CE00BD016D /* SampleCell.swift */ = {isa = PBXFileReference; lastKnownFileType = sourcecode.swift; path = SampleCell.swift; sourceTree = "<group>"; };
		6043B4992166091100BD016D /* UITableView+Rx.swift */ = {isa = PBXFileReference; lastKnownFileType = sourcecode.swift; path = "UITableView+Rx.swift"; sourceTree = "<group>"; };
		6043B49B216609D600BD016D /* SampleCellReactor.swift */ = {isa = PBXFileReference; lastKnownFileType = sourcecode.swift; path = SampleCellReactor.swift; sourceTree = "<group>"; };
		6043B49D2166116500BD016D /* SimpleViewReactor.swift */ = {isa = PBXFileReference; lastKnownFileType = sourcecode.swift; path = SimpleViewReactor.swift; sourceTree = "<group>"; };
		6043B4A02166131300BD016D /* SCNView+Rx.swift */ = {isa = PBXFileReference; lastKnownFileType = sourcecode.swift; path = "SCNView+Rx.swift"; sourceTree = "<group>"; };
		6043B4A32166132E00BD016D /* RxSCNSceneRendererDelegateProxy.swift */ = {isa = PBXFileReference; lastKnownFileType = sourcecode.swift; path = RxSCNSceneRendererDelegateProxy.swift; sourceTree = "<group>"; };
		6043B4A52166134800BD016D /* RxCocoa.swift */ = {isa = PBXFileReference; lastKnownFileType = sourcecode.swift; path = RxCocoa.swift; sourceTree = "<group>"; };
		6043B4A82166136800BD016D /* RxSwift.swift */ = {isa = PBXFileReference; lastKnownFileType = sourcecode.swift; path = RxSwift.swift; sourceTree = "<group>"; };
		6043B4AA2166138200BD016D /* ARSession+Rx.swift */ = {isa = PBXFileReference; lastKnownFileType = sourcecode.swift; path = "ARSession+Rx.swift"; sourceTree = "<group>"; };
		6043B4AC216613A300BD016D /* ARSCNView+Rx.swift */ = {isa = PBXFileReference; lastKnownFileType = sourcecode.swift; path = "ARSCNView+Rx.swift"; sourceTree = "<group>"; };
		6043B4AF216613C100BD016D /* RxARSessionDelegateProxy.swift */ = {isa = PBXFileReference; lastKnownFileType = sourcecode.swift; path = RxARSessionDelegateProxy.swift; sourceTree = "<group>"; };
		6043B4B1216613D500BD016D /* RxARSCNViewDelegateProxy.swift */ = {isa = PBXFileReference; lastKnownFileType = sourcecode.swift; path = RxARSCNViewDelegateProxy.swift; sourceTree = "<group>"; };
		60444A71216987B800A9688A /* PlaneDetectionViewController.swift */ = {isa = PBXFileReference; lastKnownFileType = sourcecode.swift; path = PlaneDetectionViewController.swift; sourceTree = "<group>"; };
		60444A73216987C300A9688A /* PlaneDetectionViewReactor.swift */ = {isa = PBXFileReference; lastKnownFileType = sourcecode.swift; path = PlaneDetectionViewReactor.swift; sourceTree = "<group>"; };
		60444A7F216BC70600A9688A /* Plane.swift */ = {isa = PBXFileReference; lastKnownFileType = sourcecode.swift; path = Plane.swift; sourceTree = "<group>"; };
		60444A81216CA86700A9688A /* MeshPlane.swift */ = {isa = PBXFileReference; lastKnownFileType = sourcecode.swift; path = MeshPlane.swift; sourceTree = "<group>"; };
		60444A83216CA89500A9688A /* ARSCNPlaneGeometry.swift */ = {isa = PBXFileReference; lastKnownFileType = sourcecode.swift; path = ARSCNPlaneGeometry.swift; sourceTree = "<group>"; };
		60444A85216CA8AD00A9688A /* PlaneGeometry.swift */ = {isa = PBXFileReference; lastKnownFileType = sourcecode.swift; path = PlaneGeometry.swift; sourceTree = "<group>"; };
		60444A87216CA8C900A9688A /* SCNPlane.swift */ = {isa = PBXFileReference; lastKnownFileType = sourcecode.swift; path = SCNPlane.swift; sourceTree = "<group>"; };
		60444A89216CB31F00A9688A /* Assets.scnassets */ = {isa = PBXFileReference; lastKnownFileType = wrapper.scnassets; path = Assets.scnassets; sourceTree = "<group>"; };
		60444A8C216E0F5900A9688A /* VideoPlayerViewController.swift */ = {isa = PBXFileReference; fileEncoding = 4; lastKnownFileType = sourcecode.swift; path = VideoPlayerViewController.swift; sourceTree = "<group>"; };
		60444A8D216E0F5900A9688A /* VideoPlayerViewReactor.swift */ = {isa = PBXFileReference; fileEncoding = 4; lastKnownFileType = sourcecode.swift; path = VideoPlayerViewReactor.swift; sourceTree = "<group>"; };
		60444A93216E411B00A9688A /* BorderedPlaneGeometry.swift */ = {isa = PBXFileReference; lastKnownFileType = sourcecode.swift; path = BorderedPlaneGeometry.swift; sourceTree = "<group>"; };
		60444A95216E43BB00A9688A /* SelectablePlane.swift */ = {isa = PBXFileReference; lastKnownFileType = sourcecode.swift; path = SelectablePlane.swift; sourceTree = "<group>"; };
		60444A97216E43ED00A9688A /* SelectablePlaneGeometry.swift */ = {isa = PBXFileReference; lastKnownFileType = sourcecode.swift; path = SelectablePlaneGeometry.swift; sourceTree = "<group>"; };
		60444A9A216E51A500A9688A /* VideoPlayerSystem.swift */ = {isa = PBXFileReference; lastKnownFileType = sourcecode.swift; path = VideoPlayerSystem.swift; sourceTree = "<group>"; };
		60F82BB12168A45F00D1BCCF /* BaseNavigationController.swift */ = {isa = PBXFileReference; lastKnownFileType = sourcecode.swift; path = BaseNavigationController.swift; sourceTree = "<group>"; };
		9225FF9BBF4226A12612C447 /* Pods-Rx+ARKitSamples.debug.xcconfig */ = {isa = PBXFileReference; includeInIndex = 1; lastKnownFileType = text.xcconfig; name = "Pods-Rx+ARKitSamples.debug.xcconfig"; path = "Pods/Target Support Files/Pods-Rx+ARKitSamples/Pods-Rx+ARKitSamples.debug.xcconfig"; sourceTree = "<group>"; };
		E843C2888932326479906530 /* Pods_Rx_ARKitSamples.framework */ = {isa = PBXFileReference; explicitFileType = wrapper.framework; includeInIndex = 0; path = Pods_Rx_ARKitSamples.framework; sourceTree = BUILT_PRODUCTS_DIR; };
/* End PBXFileReference section */

/* Begin PBXFrameworksBuildPhase section */
		6043B4642165FAA900BD016D /* Frameworks */ = {
			isa = PBXFrameworksBuildPhase;
			buildActionMask = 2147483647;
			files = (
				28D158D3B650C32A7B04111D /* Pods_Rx_ARKitSamples.framework in Frameworks */,
			);
			runOnlyForDeploymentPostprocessing = 0;
		};
/* End PBXFrameworksBuildPhase section */

/* Begin PBXGroup section */
		2685E0AA5477D7CA5473D12A /* Pods */ = {
			isa = PBXGroup;
			children = (
				9225FF9BBF4226A12612C447 /* Pods-Rx+ARKitSamples.debug.xcconfig */,
				0718FB275E77D745B3B0A760 /* Pods-Rx+ARKitSamples.release.xcconfig */,
			);
			name = Pods;
			sourceTree = "<group>";
		};
		6043B45E2165FAA900BD016D = {
			isa = PBXGroup;
			children = (
				6043B4692165FAA900BD016D /* Rx+ARKitSamples */,
				6043B4682165FAA900BD016D /* Products */,
				2685E0AA5477D7CA5473D12A /* Pods */,
				D8320C58D8FCCA2AD35A9610 /* Frameworks */,
			);
			sourceTree = "<group>";
		};
		6043B4682165FAA900BD016D /* Products */ = {
			isa = PBXGroup;
			children = (
				6043B4672165FAA900BD016D /* Rx+ARKitSamples.app */,
			);
			name = Products;
			sourceTree = "<group>";
		};
		6043B4692165FAA900BD016D /* Rx+ARKitSamples */ = {
			isa = PBXGroup;
			children = (
				6043B46A2165FAA900BD016D /* AppDelegate.swift */,
				6043B48A2165FE1B00BD016D /* Configs */,
				6043B4852165FD9500BD016D /* Services */,
				6043B495216608E600BD016D /* Extensions */,
				60444A99216E518D00A9688A /* System */,
				6043B4822165FCC400BD016D /* Models */,
				6043B47C2165FBD100BD016D /* ViewControllers */,
				6043B491216608AB00BD016D /* Views */,
				6043B4712165FAAA00BD016D /* Assets.xcassets */,
				60444A89216CB31F00A9688A /* Assets.scnassets */,
				6043B4732165FAAA00BD016D /* LaunchScreen.storyboard */,
				6043B4762165FAAA00BD016D /* Info.plist */,
				6016A44F21720EAF00AA931C /* sample.mp4 */,
			);
			path = "Rx+ARKitSamples";
			sourceTree = "<group>";
		};
		6043B47C2165FBD100BD016D /* ViewControllers */ = {
			isa = PBXGroup;
			children = (
				60F82BB02168A44C00D1BCCF /* NavigationController */,
				6043B47D2165FBDF00BD016D /* SampleListView */,
				6043B48D2165FF9C00BD016D /* Samples */,
			);
			path = ViewControllers;
			sourceTree = "<group>";
		};
		6043B47D2165FBDF00BD016D /* SampleListView */ = {
			isa = PBXGroup;
			children = (
				6043B47E2165FBF700BD016D /* SampleListViewController.swift */,
				6043B4802165FC5900BD016D /* SampleListViewReactor.swift */,
			);
			path = SampleListView;
			sourceTree = "<group>";
		};
		6043B4822165FCC400BD016D /* Models */ = {
			isa = PBXGroup;
			children = (
				6043B4832165FD5700BD016D /* Sample.swift */,
				60444A7E216BC6F600A9688A /* Nodes */,
			);
			path = Models;
			sourceTree = "<group>";
		};
		6043B4852165FD9500BD016D /* Services */ = {
			isa = PBXGroup;
			children = (
				6043B4862165FDAA00BD016D /* ServiceType.swift */,
				6043B4882165FDBE00BD016D /* SampleService.swift */,
			);
			path = Services;
			sourceTree = "<group>";
		};
		6043B48A2165FE1B00BD016D /* Configs */ = {
			isa = PBXGroup;
			children = (
				6043B48B2165FE2500BD016D /* Config.swift */,
			);
			path = Configs;
			sourceTree = "<group>";
		};
		6043B48D2165FF9C00BD016D /* Samples */ = {
			isa = PBXGroup;
			children = (
				6043B48E2165FFA600BD016D /* Simple */,
				60444A702169879E00A9688A /* PlaneDetection */,
				60444A8B216E0F1400A9688A /* VideoPlayer */,
			);
			path = Samples;
			sourceTree = "<group>";
		};
		6043B48E2165FFA600BD016D /* Simple */ = {
			isa = PBXGroup;
			children = (
				6043B48F2165FFC600BD016D /* SimpleViewController.swift */,
				6043B49D2166116500BD016D /* SimpleViewReactor.swift */,
			);
			path = Simple;
			sourceTree = "<group>";
		};
		6043B491216608AB00BD016D /* Views */ = {
			isa = PBXGroup;
			children = (
				6043B492216608B300BD016D /* SampleListView */,
			);
			path = Views;
			sourceTree = "<group>";
		};
		6043B492216608B300BD016D /* SampleListView */ = {
			isa = PBXGroup;
			children = (
				6043B493216608CE00BD016D /* SampleCell.swift */,
				6043B49B216609D600BD016D /* SampleCellReactor.swift */,
			);
			path = SampleListView;
			sourceTree = "<group>";
		};
		6043B495216608E600BD016D /* Extensions */ = {
			isa = PBXGroup;
			children = (
				60444A7B216BBEDC00A9688A /* ARKit */,
				6043B496216608EE00BD016D /* Rx */,
			);
			path = Extensions;
			sourceTree = "<group>";
		};
		6043B496216608EE00BD016D /* Rx */ = {
			isa = PBXGroup;
			children = (
				6043B4A82166136800BD016D /* RxSwift.swift */,
				6043B4A52166134800BD016D /* RxCocoa.swift */,
				6043B4982166090300BD016D /* UIKit */,
				6043B49F216612FF00BD016D /* SceneKit */,
				6043B4A72166135700BD016D /* ARKit */,
			);
			path = Rx;
			sourceTree = "<group>";
		};
		6043B4982166090300BD016D /* UIKit */ = {
			isa = PBXGroup;
			children = (
				6043B4992166091100BD016D /* UITableView+Rx.swift */,
			);
			path = UIKit;
			sourceTree = "<group>";
		};
		6043B49F216612FF00BD016D /* SceneKit */ = {
			isa = PBXGroup;
			children = (
				6043B4A22166132500BD016D /* Proxies */,
				6043B4A02166131300BD016D /* SCNView+Rx.swift */,
			);
			path = SceneKit;
			sourceTree = "<group>";
		};
		6043B4A22166132500BD016D /* Proxies */ = {
			isa = PBXGroup;
			children = (
				6043B4A32166132E00BD016D /* RxSCNSceneRendererDelegateProxy.swift */,
			);
			path = Proxies;
			sourceTree = "<group>";
		};
		6043B4A72166135700BD016D /* ARKit */ = {
			isa = PBXGroup;
			children = (
				6043B4AE216613AE00BD016D /* Proxies */,
				6043B4AA2166138200BD016D /* ARSession+Rx.swift */,
				6043B4AC216613A300BD016D /* ARSCNView+Rx.swift */,
			);
			path = ARKit;
			sourceTree = "<group>";
		};
		6043B4AE216613AE00BD016D /* Proxies */ = {
			isa = PBXGroup;
			children = (
				6043B4AF216613C100BD016D /* RxARSessionDelegateProxy.swift */,
				6043B4B1216613D500BD016D /* RxARSCNViewDelegateProxy.swift */,
			);
			path = Proxies;
			sourceTree = "<group>";
		};
		60444A702169879E00A9688A /* PlaneDetection */ = {
			isa = PBXGroup;
			children = (
				60444A71216987B800A9688A /* PlaneDetectionViewController.swift */,
				60444A73216987C300A9688A /* PlaneDetectionViewReactor.swift */,
			);
			path = PlaneDetection;
			sourceTree = "<group>";
		};
		60444A7B216BBEDC00A9688A /* ARKit */ = {
			isa = PBXGroup;
			children = (
				60444A87216CA8C900A9688A /* SCNPlane.swift */,
				60444A83216CA89500A9688A /* ARSCNPlaneGeometry.swift */,
			);
			path = ARKit;
			sourceTree = "<group>";
		};
		60444A7E216BC6F600A9688A /* Nodes */ = {
			isa = PBXGroup;
			children = (
				60444A7F216BC70600A9688A /* Plane.swift */,
				60444A85216CA8AD00A9688A /* PlaneGeometry.swift */,
				60444A93216E411B00A9688A /* BorderedPlaneGeometry.swift */,
				60444A81216CA86700A9688A /* MeshPlane.swift */,
				60444A95216E43BB00A9688A /* SelectablePlane.swift */,
				60444A97216E43ED00A9688A /* SelectablePlaneGeometry.swift */,
				6016A4502172154C00AA931C /* VideoNode.swift */,
			);
			path = Nodes;
			sourceTree = "<group>";
		};
		60444A8B216E0F1400A9688A /* VideoPlayer */ = {
			isa = PBXGroup;
			children = (
				60444A8C216E0F5900A9688A /* VideoPlayerViewController.swift */,
				60444A8D216E0F5900A9688A /* VideoPlayerViewReactor.swift */,
			);
			path = VideoPlayer;
			sourceTree = "<group>";
		};
		60444A99216E518D00A9688A /* System */ = {
			isa = PBXGroup;
			children = (
				60444A9A216E51A500A9688A /* VideoPlayerSystem.swift */,
			);
			path = System;
			sourceTree = "<group>";
		};
		60F82BB02168A44C00D1BCCF /* NavigationController */ = {
			isa = PBXGroup;
			children = (
				60F82BB12168A45F00D1BCCF /* BaseNavigationController.swift */,
			);
			path = NavigationController;
			sourceTree = "<group>";
		};
		D8320C58D8FCCA2AD35A9610 /* Frameworks */ = {
			isa = PBXGroup;
			children = (
				E843C2888932326479906530 /* Pods_Rx_ARKitSamples.framework */,
			);
			name = Frameworks;
			sourceTree = "<group>";
		};
/* End PBXGroup section */

/* Begin PBXNativeTarget section */
		6043B4662165FAA900BD016D /* Rx+ARKitSamples */ = {
			isa = PBXNativeTarget;
			buildConfigurationList = 6043B4792165FAAA00BD016D /* Build configuration list for PBXNativeTarget "Rx+ARKitSamples" */;
			buildPhases = (
				79DE1306FC4AC97F1BDEF7EB /* [CP] Check Pods Manifest.lock */,
				6043B4632165FAA900BD016D /* Sources */,
				6043B4642165FAA900BD016D /* Frameworks */,
				6043B4652165FAA900BD016D /* Resources */,
				9AD255FAA2250FF8229E218A /* [CP] Embed Pods Frameworks */,
			);
			buildRules = (
			);
			dependencies = (
			);
			name = "Rx+ARKitSamples";
			productName = "Rx+ARKitSamples";
			productReference = 6043B4672165FAA900BD016D /* Rx+ARKitSamples.app */;
			productType = "com.apple.product-type.application";
		};
/* End PBXNativeTarget section */

/* Begin PBXProject section */
		6043B45F2165FAA900BD016D /* Project object */ = {
			isa = PBXProject;
			attributes = {
				LastSwiftUpdateCheck = 1000;
				LastUpgradeCheck = 1000;
				ORGANIZATIONNAME = tokijh;
				TargetAttributes = {
					6043B4662165FAA900BD016D = {
						CreatedOnToolsVersion = 10.0;
					};
				};
			};
			buildConfigurationList = 6043B4622165FAA900BD016D /* Build configuration list for PBXProject "Rx+ARKitSamples" */;
			compatibilityVersion = "Xcode 9.3";
			developmentRegion = en;
			hasScannedForEncodings = 0;
			knownRegions = (
				en,
				Base,
			);
			mainGroup = 6043B45E2165FAA900BD016D;
			productRefGroup = 6043B4682165FAA900BD016D /* Products */;
			projectDirPath = "";
			projectRoot = "";
			targets = (
				6043B4662165FAA900BD016D /* Rx+ARKitSamples */,
			);
		};
/* End PBXProject section */

/* Begin PBXResourcesBuildPhase section */
		6043B4652165FAA900BD016D /* Resources */ = {
			isa = PBXResourcesBuildPhase;
			buildActionMask = 2147483647;
			files = (
				60444A8A216CB31F00A9688A /* Assets.scnassets in Resources */,
				6043B4752165FAAA00BD016D /* LaunchScreen.storyboard in Resources */,
				6043B4722165FAAA00BD016D /* Assets.xcassets in Resources */,
			);
			runOnlyForDeploymentPostprocessing = 0;
		};
/* End PBXResourcesBuildPhase section */

/* Begin PBXShellScriptBuildPhase section */
		79DE1306FC4AC97F1BDEF7EB /* [CP] Check Pods Manifest.lock */ = {
			isa = PBXShellScriptBuildPhase;
			buildActionMask = 2147483647;
			files = (
			);
			inputFileListPaths = (
			);
			inputPaths = (
				"${PODS_PODFILE_DIR_PATH}/Podfile.lock",
				"${PODS_ROOT}/Manifest.lock",
			);
			name = "[CP] Check Pods Manifest.lock";
			outputFileListPaths = (
			);
			outputPaths = (
				"$(DERIVED_FILE_DIR)/Pods-Rx+ARKitSamples-checkManifestLockResult.txt",
			);
			runOnlyForDeploymentPostprocessing = 0;
			shellPath = /bin/sh;
			shellScript = "diff \"${PODS_PODFILE_DIR_PATH}/Podfile.lock\" \"${PODS_ROOT}/Manifest.lock\" > /dev/null\nif [ $? != 0 ] ; then\n    # print error to STDERR\n    echo \"error: The sandbox is not in sync with the Podfile.lock. Run 'pod install' or update your CocoaPods installation.\" >&2\n    exit 1\nfi\n# This output is used by Xcode 'outputs' to avoid re-running this script phase.\necho \"SUCCESS\" > \"${SCRIPT_OUTPUT_FILE_0}\"\n";
			showEnvVarsInLog = 0;
		};
		9AD255FAA2250FF8229E218A /* [CP] Embed Pods Frameworks */ = {
			isa = PBXShellScriptBuildPhase;
			buildActionMask = 2147483647;
			files = (
			);
			inputFileListPaths = (
			);
			inputPaths = (
				"${SRCROOT}/Pods/Target Support Files/Pods-Rx+ARKitSamples/Pods-Rx+ARKitSamples-frameworks.sh",
				"${BUILT_PRODUCTS_DIR}/ReactorKit/ReactorKit.framework",
				"${BUILT_PRODUCTS_DIR}/RxCocoa/RxCocoa.framework",
				"${BUILT_PRODUCTS_DIR}/RxOptional/RxOptional.framework",
				"${BUILT_PRODUCTS_DIR}/RxSwift/RxSwift.framework",
				"${BUILT_PRODUCTS_DIR}/RxSwiftExtensions/RxSwiftExtensions.framework",
				"${BUILT_PRODUCTS_DIR}/RxViewController/RxViewController.framework",
				"${BUILT_PRODUCTS_DIR}/SnapKit/SnapKit.framework",
				"${BUILT_PRODUCTS_DIR}/Then/Then.framework",
			);
			name = "[CP] Embed Pods Frameworks";
			outputFileListPaths = (
			);
			outputPaths = (
				"${TARGET_BUILD_DIR}/${FRAMEWORKS_FOLDER_PATH}/ReactorKit.framework",
				"${TARGET_BUILD_DIR}/${FRAMEWORKS_FOLDER_PATH}/RxCocoa.framework",
				"${TARGET_BUILD_DIR}/${FRAMEWORKS_FOLDER_PATH}/RxOptional.framework",
				"${TARGET_BUILD_DIR}/${FRAMEWORKS_FOLDER_PATH}/RxSwift.framework",
				"${TARGET_BUILD_DIR}/${FRAMEWORKS_FOLDER_PATH}/RxSwiftExtensions.framework",
				"${TARGET_BUILD_DIR}/${FRAMEWORKS_FOLDER_PATH}/RxViewController.framework",
				"${TARGET_BUILD_DIR}/${FRAMEWORKS_FOLDER_PATH}/SnapKit.framework",
				"${TARGET_BUILD_DIR}/${FRAMEWORKS_FOLDER_PATH}/Then.framework",
			);
			runOnlyForDeploymentPostprocessing = 0;
			shellPath = /bin/sh;
			shellScript = "\"${SRCROOT}/Pods/Target Support Files/Pods-Rx+ARKitSamples/Pods-Rx+ARKitSamples-frameworks.sh\"\n";
			showEnvVarsInLog = 0;
		};
/* End PBXShellScriptBuildPhase section */

/* Begin PBXSourcesBuildPhase section */
		6043B4632165FAA900BD016D /* Sources */ = {
			isa = PBXSourcesBuildPhase;
			buildActionMask = 2147483647;
			files = (
				60444A8F216E0F5900A9688A /* VideoPlayerViewReactor.swift in Sources */,
				6043B4872165FDAA00BD016D /* ServiceType.swift in Sources */,
				6043B49A2166091100BD016D /* UITableView+Rx.swift in Sources */,
				60444A86216CA8AD00A9688A /* PlaneGeometry.swift in Sources */,
				6043B4B2216613D500BD016D /* RxARSCNViewDelegateProxy.swift in Sources */,
				6043B4892165FDBE00BD016D /* SampleService.swift in Sources */,
				6043B494216608CE00BD016D /* SampleCell.swift in Sources */,
				60444A84216CA89500A9688A /* ARSCNPlaneGeometry.swift in Sources */,
				60444A98216E43ED00A9688A /* SelectablePlaneGeometry.swift in Sources */,
				6043B4A12166131300BD016D /* SCNView+Rx.swift in Sources */,
				6043B49C216609D600BD016D /* SampleCellReactor.swift in Sources */,
				6043B4AB2166138200BD016D /* ARSession+Rx.swift in Sources */,
				60444A82216CA86700A9688A /* MeshPlane.swift in Sources */,
				60F82BB22168A45F00D1BCCF /* BaseNavigationController.swift in Sources */,
				6043B4812165FC5900BD016D /* SampleListViewReactor.swift in Sources */,
				6043B48C2165FE2500BD016D /* Config.swift in Sources */,
				6043B4842165FD5700BD016D /* Sample.swift in Sources */,
				6016A4512172154C00AA931C /* VideoNode.swift in Sources */,
				60444A9B216E51A500A9688A /* VideoPlayerSystem.swift in Sources */,
				60444A74216987C300A9688A /* PlaneDetectionViewReactor.swift in Sources */,
				6043B47F2165FBF700BD016D /* SampleListViewController.swift in Sources */,
				6043B4A42166132E00BD016D /* RxSCNSceneRendererDelegateProxy.swift in Sources */,
				6043B4B0216613C100BD016D /* RxARSessionDelegateProxy.swift in Sources */,
				60444A8E216E0F5900A9688A /* VideoPlayerViewController.swift in Sources */,
				60444A88216CA8C900A9688A /* SCNPlane.swift in Sources */,
				6043B4AD216613A300BD016D /* ARSCNView+Rx.swift in Sources */,
				60444A72216987B800A9688A /* PlaneDetectionViewController.swift in Sources */,
				6043B4902165FFC600BD016D /* SimpleViewController.swift in Sources */,
				60444A94216E411B00A9688A /* BorderedPlaneGeometry.swift in Sources */,
				6043B46B2165FAA900BD016D /* AppDelegate.swift in Sources */,
				60444A96216E43BC00A9688A /* SelectablePlane.swift in Sources */,
				6043B49E2166116500BD016D /* SimpleViewReactor.swift in Sources */,
				60444A80216BC70600A9688A /* Plane.swift in Sources */,
				6043B4A62166134800BD016D /* RxCocoa.swift in Sources */,
				6043B4A92166136800BD016D /* RxSwift.swift in Sources */,
			);
			runOnlyForDeploymentPostprocessing = 0;
		};
/* End PBXSourcesBuildPhase section */

/* Begin PBXVariantGroup section */
		6043B4732165FAAA00BD016D /* LaunchScreen.storyboard */ = {
			isa = PBXVariantGroup;
			children = (
				6043B4742165FAAA00BD016D /* Base */,
			);
			name = LaunchScreen.storyboard;
			sourceTree = "<group>";
		};
/* End PBXVariantGroup section */

/* Begin XCBuildConfiguration section */
		6043B4772165FAAA00BD016D /* Debug */ = {
			isa = XCBuildConfiguration;
			buildSettings = {
				ALWAYS_SEARCH_USER_PATHS = NO;
				CLANG_ANALYZER_NONNULL = YES;
				CLANG_ANALYZER_NUMBER_OBJECT_CONVERSION = YES_AGGRESSIVE;
				CLANG_CXX_LANGUAGE_STANDARD = "gnu++14";
				CLANG_CXX_LIBRARY = "libc++";
				CLANG_ENABLE_MODULES = YES;
				CLANG_ENABLE_OBJC_ARC = YES;
				CLANG_ENABLE_OBJC_WEAK = YES;
				CLANG_WARN_BLOCK_CAPTURE_AUTORELEASING = YES;
				CLANG_WARN_BOOL_CONVERSION = YES;
				CLANG_WARN_COMMA = YES;
				CLANG_WARN_CONSTANT_CONVERSION = YES;
				CLANG_WARN_DEPRECATED_OBJC_IMPLEMENTATIONS = YES;
				CLANG_WARN_DIRECT_OBJC_ISA_USAGE = YES_ERROR;
				CLANG_WARN_DOCUMENTATION_COMMENTS = YES;
				CLANG_WARN_EMPTY_BODY = YES;
				CLANG_WARN_ENUM_CONVERSION = YES;
				CLANG_WARN_INFINITE_RECURSION = YES;
				CLANG_WARN_INT_CONVERSION = YES;
				CLANG_WARN_NON_LITERAL_NULL_CONVERSION = YES;
				CLANG_WARN_OBJC_IMPLICIT_RETAIN_SELF = YES;
				CLANG_WARN_OBJC_LITERAL_CONVERSION = YES;
				CLANG_WARN_OBJC_ROOT_CLASS = YES_ERROR;
				CLANG_WARN_RANGE_LOOP_ANALYSIS = YES;
				CLANG_WARN_STRICT_PROTOTYPES = YES;
				CLANG_WARN_SUSPICIOUS_MOVE = YES;
				CLANG_WARN_UNGUARDED_AVAILABILITY = YES_AGGRESSIVE;
				CLANG_WARN_UNREACHABLE_CODE = YES;
				CLANG_WARN__DUPLICATE_METHOD_MATCH = YES;
				CODE_SIGN_IDENTITY = "iPhone Developer";
				COPY_PHASE_STRIP = NO;
				DEBUG_INFORMATION_FORMAT = dwarf;
				ENABLE_STRICT_OBJC_MSGSEND = YES;
				ENABLE_TESTABILITY = YES;
				GCC_C_LANGUAGE_STANDARD = gnu11;
				GCC_DYNAMIC_NO_PIC = NO;
				GCC_NO_COMMON_BLOCKS = YES;
				GCC_OPTIMIZATION_LEVEL = 0;
				GCC_PREPROCESSOR_DEFINITIONS = (
					"DEBUG=1",
					"$(inherited)",
				);
				GCC_WARN_64_TO_32_BIT_CONVERSION = YES;
				GCC_WARN_ABOUT_RETURN_TYPE = YES_ERROR;
				GCC_WARN_UNDECLARED_SELECTOR = YES;
				GCC_WARN_UNINITIALIZED_AUTOS = YES_AGGRESSIVE;
				GCC_WARN_UNUSED_FUNCTION = YES;
				GCC_WARN_UNUSED_VARIABLE = YES;
				IPHONEOS_DEPLOYMENT_TARGET = 12.0;
				MTL_ENABLE_DEBUG_INFO = INCLUDE_SOURCE;
				MTL_FAST_MATH = YES;
				ONLY_ACTIVE_ARCH = YES;
				SDKROOT = iphoneos;
				SWIFT_ACTIVE_COMPILATION_CONDITIONS = DEBUG;
				SWIFT_OPTIMIZATION_LEVEL = "-Onone";
			};
			name = Debug;
		};
		6043B4782165FAAA00BD016D /* Release */ = {
			isa = XCBuildConfiguration;
			buildSettings = {
				ALWAYS_SEARCH_USER_PATHS = NO;
				CLANG_ANALYZER_NONNULL = YES;
				CLANG_ANALYZER_NUMBER_OBJECT_CONVERSION = YES_AGGRESSIVE;
				CLANG_CXX_LANGUAGE_STANDARD = "gnu++14";
				CLANG_CXX_LIBRARY = "libc++";
				CLANG_ENABLE_MODULES = YES;
				CLANG_ENABLE_OBJC_ARC = YES;
				CLANG_ENABLE_OBJC_WEAK = YES;
				CLANG_WARN_BLOCK_CAPTURE_AUTORELEASING = YES;
				CLANG_WARN_BOOL_CONVERSION = YES;
				CLANG_WARN_COMMA = YES;
				CLANG_WARN_CONSTANT_CONVERSION = YES;
				CLANG_WARN_DEPRECATED_OBJC_IMPLEMENTATIONS = YES;
				CLANG_WARN_DIRECT_OBJC_ISA_USAGE = YES_ERROR;
				CLANG_WARN_DOCUMENTATION_COMMENTS = YES;
				CLANG_WARN_EMPTY_BODY = YES;
				CLANG_WARN_ENUM_CONVERSION = YES;
				CLANG_WARN_INFINITE_RECURSION = YES;
				CLANG_WARN_INT_CONVERSION = YES;
				CLANG_WARN_NON_LITERAL_NULL_CONVERSION = YES;
				CLANG_WARN_OBJC_IMPLICIT_RETAIN_SELF = YES;
				CLANG_WARN_OBJC_LITERAL_CONVERSION = YES;
				CLANG_WARN_OBJC_ROOT_CLASS = YES_ERROR;
				CLANG_WARN_RANGE_LOOP_ANALYSIS = YES;
				CLANG_WARN_STRICT_PROTOTYPES = YES;
				CLANG_WARN_SUSPICIOUS_MOVE = YES;
				CLANG_WARN_UNGUARDED_AVAILABILITY = YES_AGGRESSIVE;
				CLANG_WARN_UNREACHABLE_CODE = YES;
				CLANG_WARN__DUPLICATE_METHOD_MATCH = YES;
				CODE_SIGN_IDENTITY = "iPhone Developer";
				COPY_PHASE_STRIP = NO;
				DEBUG_INFORMATION_FORMAT = "dwarf-with-dsym";
				ENABLE_NS_ASSERTIONS = NO;
				ENABLE_STRICT_OBJC_MSGSEND = YES;
				GCC_C_LANGUAGE_STANDARD = gnu11;
				GCC_NO_COMMON_BLOCKS = YES;
				GCC_WARN_64_TO_32_BIT_CONVERSION = YES;
				GCC_WARN_ABOUT_RETURN_TYPE = YES_ERROR;
				GCC_WARN_UNDECLARED_SELECTOR = YES;
				GCC_WARN_UNINITIALIZED_AUTOS = YES_AGGRESSIVE;
				GCC_WARN_UNUSED_FUNCTION = YES;
				GCC_WARN_UNUSED_VARIABLE = YES;
				IPHONEOS_DEPLOYMENT_TARGET = 12.0;
				MTL_ENABLE_DEBUG_INFO = NO;
				MTL_FAST_MATH = YES;
				SDKROOT = iphoneos;
				SWIFT_COMPILATION_MODE = wholemodule;
				SWIFT_OPTIMIZATION_LEVEL = "-O";
				VALIDATE_PRODUCT = YES;
			};
			name = Release;
		};
		6043B47A2165FAAA00BD016D /* Debug */ = {
			isa = XCBuildConfiguration;
			baseConfigurationReference = 9225FF9BBF4226A12612C447 /* Pods-Rx+ARKitSamples.debug.xcconfig */;
			buildSettings = {
				ASSETCATALOG_COMPILER_APPICON_NAME = AppIcon;
				CODE_SIGN_STYLE = Automatic;
				DEVELOPMENT_TEAM = 46KGHHF73Q;
				INFOPLIST_FILE = "Rx+ARKitSamples/Info.plist";
				IPHONEOS_DEPLOYMENT_TARGET = 11.0;
				LD_RUNPATH_SEARCH_PATHS = (
					"$(inherited)",
					"@executable_path/Frameworks",
				);
				PRODUCT_BUNDLE_IDENTIFIER = "tokijh.com.Rx-ARKitSamples";
				PRODUCT_NAME = "$(TARGET_NAME)";
				SWIFT_VERSION = 4.2;
				TARGETED_DEVICE_FAMILY = "1,2";
			};
			name = Debug;
		};
		6043B47B2165FAAA00BD016D /* Release */ = {
			isa = XCBuildConfiguration;
			baseConfigurationReference = 0718FB275E77D745B3B0A760 /* Pods-Rx+ARKitSamples.release.xcconfig */;
			buildSettings = {
				ASSETCATALOG_COMPILER_APPICON_NAME = AppIcon;
				CODE_SIGN_STYLE = Automatic;
				DEVELOPMENT_TEAM = 46KGHHF73Q;
				INFOPLIST_FILE = "Rx+ARKitSamples/Info.plist";
				IPHONEOS_DEPLOYMENT_TARGET = 11.0;
				LD_RUNPATH_SEARCH_PATHS = (
					"$(inherited)",
					"@executable_path/Frameworks",
				);
				PRODUCT_BUNDLE_IDENTIFIER = "tokijh.com.Rx-ARKitSamples";
				PRODUCT_NAME = "$(TARGET_NAME)";
				SWIFT_VERSION = 4.2;
				TARGETED_DEVICE_FAMILY = "1,2";
			};
			name = Release;
		};
/* End XCBuildConfiguration section */

/* Begin XCConfigurationList section */
		6043B4622165FAA900BD016D /* Build configuration list for PBXProject "Rx+ARKitSamples" */ = {
			isa = XCConfigurationList;
			buildConfigurations = (
				6043B4772165FAAA00BD016D /* Debug */,
				6043B4782165FAAA00BD016D /* Release */,
			);
			defaultConfigurationIsVisible = 0;
			defaultConfigurationName = Release;
		};
		6043B4792165FAAA00BD016D /* Build configuration list for PBXNativeTarget "Rx+ARKitSamples" */ = {
			isa = XCConfigurationList;
			buildConfigurations = (
				6043B47A2165FAAA00BD016D /* Debug */,
				6043B47B2165FAAA00BD016D /* Release */,
			);
			defaultConfigurationIsVisible = 0;
			defaultConfigurationName = Release;
		};
/* End XCConfigurationList section */
	};
	rootObject = 6043B45F2165FAA900BD016D /* Project object */;
}
